
Microsoft Visual Studio Solution File, Format Version 12.00
# Visual Studio Version 17
VisualStudioVersion = 17.4.33205.214
MinimumVisualStudioVersion = 10.0.40219.1
Project("{9A19103F-16F7-4668-BE54-9A1E7A4F7556}") = "Visitors_Management", "Visitors_Management\Visitors_Management.csproj", "{05F45031-E4B2-4FEE-8A39-FD43D4C0A030}"
EndProject
Global
	GlobalSection(SolutionConfigurationPlatforms) = preSolution
		Debug|Any CPU = Debug|Any CPU
		Release|Any CPU = Release|Any CPU
	EndGlobalSection
	GlobalSection(ProjectConfigurationPlatforms) = postSolution
		{05F45031-E4B2-4FEE-8A39-FD43D4C0A030}.Debug|Any CPU.ActiveCfg = Debug|Any CPU
		{05F45031-E4B2-4FEE-8A39-FD43D4C0A030}.Debug|Any CPU.Build.0 = Debug|Any CPU
		{05F45031-E4B2-4FEE-8A39-FD43D4C0A030}.Release|Any CPU.ActiveCfg = Release|Any CPU
		{05F45031-E4B2-4FEE-8A39-FD43D4C0A030}.Release|Any CPU.Build.0 = Release|Any CPU
	EndGlobalSection
	GlobalSection(SolutionProperties) = preSolution
		HideSolutionNode = FALSE
	EndGlobalSection
	GlobalSection(ExtensibilityGlobals) = postSolution
		SolutionGuid = {45EBB33C-5DAC-4A4D-9E06-100B6F15767D}
	EndGlobalSection
EndGlobal
